
Microsoft Visual Studio Solution File, Format Version 12.00
# Visual Studio 15
VisualStudioVersion = 15.0.28307.779
MinimumVisualStudioVersion = 10.0.40219.1
Project("{FAE04EC0-301F-11D3-BF4B-00C04F79EFBC}") = "Midterm.Activity3.LuisaKatrinaReyes.windows", "Midterm.Activity3.LuisaKatrinaReyes.windows\Midterm.Activity3.LuisaKatrinaReyes.windows.csproj", "{66EDE87D-1033-4FFE-BC0A-23810E6E8473}"
EndProject
Global
	GlobalSection(SolutionConfigurationPlatforms) = preSolution
		Debug|Any CPU = Debug|Any CPU
		Release|Any CPU = Release|Any CPU
	EndGlobalSection
	GlobalSection(ProjectConfigurationPlatforms) = postSolution
		{66EDE87D-1033-4FFE-BC0A-23810E6E8473}.Debug|Any CPU.ActiveCfg = Debug|Any CPU
		{66EDE87D-1033-4FFE-BC0A-23810E6E8473}.Debug|Any CPU.Build.0 = Debug|Any CPU
		{66EDE87D-1033-4FFE-BC0A-23810E6E8473}.Release|Any CPU.ActiveCfg = Release|Any CPU
		{66EDE87D-1033-4FFE-BC0A-23810E6E8473}.Release|Any CPU.Build.0 = Release|Any CPU
	EndGlobalSection
	GlobalSection(SolutionProperties) = preSolution
		HideSolutionNode = FALSE
	EndGlobalSection
	GlobalSection(ExtensibilityGlobals) = postSolution
		SolutionGuid = {ECF06F04-8C37-4DAD-BB5C-F385481A8C92}
	EndGlobalSection
EndGlobal
